// !$*UTF8*$!
{
	archiveVersion = 1;
	classes = {
	};
	objectVersion = 46;
	objects = {

/* Begin PBXBuildFile section */
		0414D21D1F34FA0C00FB9952 /* AppDelegate.swift in Sources */ = {isa = PBXBuildFile; fileRef = 0414D21C1F34FA0C00FB9952 /* AppDelegate.swift */; };
		0414D2321F34FA0C00FB9952 /* QuizTests.swift in Sources */ = {isa = PBXBuildFile; fileRef = 0414D2311F34FA0C00FB9952 /* QuizTests.swift */; };
		0414D24D1F34FCB200FB9952 /* Assets.xcassets in Resources */ = {isa = PBXBuildFile; fileRef = 0414D24A1F34FCB200FB9952 /* Assets.xcassets */; };
		0414D2501F34FCF400FB9952 /* LaunchScreen.storyboard in Resources */ = {isa = PBXBuildFile; fileRef = 0414D24E1F34FCF400FB9952 /* LaunchScreen.storyboard */; };
		0414D2511F34FCF400FB9952 /* Main.storyboard in Resources */ = {isa = PBXBuildFile; fileRef = 0414D24F1F34FCF400FB9952 /* Main.storyboard */; };
		0414D2531F34FD0100FB9952 /* Info.plist in Resources */ = {isa = PBXBuildFile; fileRef = 0414D2521F34FD0100FB9952 /* Info.plist */; };
		042AF6991F3C319400976C39 /* RecordViewController.swift in Sources */ = {isa = PBXBuildFile; fileRef = 042AF6981F3C319400976C39 /* RecordViewController.swift */; };
		042AF69B1F3C31AE00976C39 /* VideoCollectionCell.swift in Sources */ = {isa = PBXBuildFile; fileRef = 042AF69A1F3C31AE00976C39 /* VideoCollectionCell.swift */; };
		045E12781F3CDC8000C412E6 /* Video.storyboard in Resources */ = {isa = PBXBuildFile; fileRef = 045E12771F3CDC8000C412E6 /* Video.storyboard */; };
		04633F5F1F3D99FF00A05A43 /* UIImageView.swift in Sources */ = {isa = PBXBuildFile; fileRef = 04633F5E1F3D99FF00A05A43 /* UIImageView.swift */; };
		049B1C661F37841E00678E9C /* ModelProtocol.swift in Sources */ = {isa = PBXBuildFile; fileRef = 049B1C651F37841E00678E9C /* ModelProtocol.swift */; };
		049B1C681F37842700678E9C /* UserLocation.swift in Sources */ = {isa = PBXBuildFile; fileRef = 049B1C671F37842700678E9C /* UserLocation.swift */; };
		049B1C6A1F37843000678E9C /* UserVideo.swift in Sources */ = {isa = PBXBuildFile; fileRef = 049B1C691F37843000678E9C /* UserVideo.swift */; };
		04DC18631F3591AF00EA0357 /* MainViewController.swift in Sources */ = {isa = PBXBuildFile; fileRef = 04DC18621F3591AF00EA0357 /* MainViewController.swift */; };
		04DC18651F3591BC00EA0357 /* MapViewController.swift in Sources */ = {isa = PBXBuildFile; fileRef = 04DC18641F3591BC00EA0357 /* MapViewController.swift */; };
		04DC18671F3591C700EA0357 /* VideoViewController.swift in Sources */ = {isa = PBXBuildFile; fileRef = 04DC18661F3591C700EA0357 /* VideoViewController.swift */; };
		04DC186D1F3592A800EA0357 /* Define.swift in Sources */ = {isa = PBXBuildFile; fileRef = 04DC18691F3592A800EA0357 /* Define.swift */; };
		04DC186E1F3592A800EA0357 /* UIAlertController.swift in Sources */ = {isa = PBXBuildFile; fileRef = 04DC186B1F3592A800EA0357 /* UIAlertController.swift */; };
		04DC186F1F3592A800EA0357 /* UserDefaults.swift in Sources */ = {isa = PBXBuildFile; fileRef = 04DC186C1F3592A800EA0357 /* UserDefaults.swift */; };
		04DC18721F35933700EA0357 /* SignInViewController.swift in Sources */ = {isa = PBXBuildFile; fileRef = 04DC18711F35933700EA0357 /* SignInViewController.swift */; };
		04DC18741F35936300EA0357 /* GoogleService-Info.plist in Resources */ = {isa = PBXBuildFile; fileRef = 04DC18731F35936300EA0357 /* GoogleService-Info.plist */; };
		04DC18761F35942700EA0357 /* SignIn.storyboard in Resources */ = {isa = PBXBuildFile; fileRef = 04DC18751F35942700EA0357 /* SignIn.storyboard */; };
		318B5065C828EF3CAE4E5462 /* Pods_Quiz.framework in Frameworks */ = {isa = PBXBuildFile; fileRef = C9A121A323A50228B134EBDC /* Pods_Quiz.framework */; };
		395BE497837470A5B55B94AF /* Pods_QuizTests.framework in Frameworks */ = {isa = PBXBuildFile; fileRef = D73BD355D5A99E0F4729C0E6 /* Pods_QuizTests.framework */; };
/* End PBXBuildFile section */

/* Begin PBXContainerItemProxy section */
		0414D22E1F34FA0C00FB9952 /* PBXContainerItemProxy */ = {
			isa = PBXContainerItemProxy;
			containerPortal = 0414D2111F34FA0C00FB9952 /* Project object */;
			proxyType = 1;
			remoteGlobalIDString = 0414D2181F34FA0C00FB9952;
			remoteInfo = Quiz;
		};
/* End PBXContainerItemProxy section */

/* Begin PBXFileReference section */
		0414D2191F34FA0C00FB9952 /* Quiz.app */ = {isa = PBXFileReference; explicitFileType = wrapper.application; includeInIndex = 0; path = Quiz.app; sourceTree = BUILT_PRODUCTS_DIR; };
		0414D21C1F34FA0C00FB9952 /* AppDelegate.swift */ = {isa = PBXFileReference; lastKnownFileType = sourcecode.swift; path = AppDelegate.swift; sourceTree = "<group>"; };
		0414D22D1F34FA0C00FB9952 /* QuizTests.xctest */ = {isa = PBXFileReference; explicitFileType = wrapper.cfbundle; includeInIndex = 0; path = QuizTests.xctest; sourceTree = BUILT_PRODUCTS_DIR; };
		0414D2311F34FA0C00FB9952 /* QuizTests.swift */ = {isa = PBXFileReference; lastKnownFileType = sourcecode.swift; path = QuizTests.swift; sourceTree = "<group>"; };
		0414D2331F34FA0C00FB9952 /* Info.plist */ = {isa = PBXFileReference; lastKnownFileType = text.plist.xml; path = Info.plist; sourceTree = "<group>"; };
		0414D24A1F34FCB200FB9952 /* Assets.xcassets */ = {isa = PBXFileReference; lastKnownFileType = folder.assetcatalog; path = Assets.xcassets; sourceTree = "<group>"; };
		0414D24E1F34FCF400FB9952 /* LaunchScreen.storyboard */ = {isa = PBXFileReference; fileEncoding = 4; lastKnownFileType = file.storyboard; path = LaunchScreen.storyboard; sourceTree = "<group>"; };
		0414D24F1F34FCF400FB9952 /* Main.storyboard */ = {isa = PBXFileReference; fileEncoding = 4; lastKnownFileType = file.storyboard; path = Main.storyboard; sourceTree = "<group>"; };
		0414D2521F34FD0100FB9952 /* Info.plist */ = {isa = PBXFileReference; fileEncoding = 4; lastKnownFileType = text.plist.xml; path = Info.plist; sourceTree = "<group>"; };
		042AF6981F3C319400976C39 /* RecordViewController.swift */ = {isa = PBXFileReference; fileEncoding = 4; lastKnownFileType = sourcecode.swift; path = RecordViewController.swift; sourceTree = "<group>"; };
		042AF69A1F3C31AE00976C39 /* VideoCollectionCell.swift */ = {isa = PBXFileReference; fileEncoding = 4; lastKnownFileType = sourcecode.swift; path = VideoCollectionCell.swift; sourceTree = "<group>"; };
		045E12771F3CDC8000C412E6 /* Video.storyboard */ = {isa = PBXFileReference; fileEncoding = 4; lastKnownFileType = file.storyboard; path = Video.storyboard; sourceTree = "<group>"; };
		04633F5E1F3D99FF00A05A43 /* UIImageView.swift */ = {isa = PBXFileReference; fileEncoding = 4; lastKnownFileType = sourcecode.swift; path = UIImageView.swift; sourceTree = "<group>"; };
		049B1C651F37841E00678E9C /* ModelProtocol.swift */ = {isa = PBXFileReference; fileEncoding = 4; lastKnownFileType = sourcecode.swift; path = ModelProtocol.swift; sourceTree = "<group>"; };
		049B1C671F37842700678E9C /* UserLocation.swift */ = {isa = PBXFileReference; fileEncoding = 4; lastKnownFileType = sourcecode.swift; path = UserLocation.swift; sourceTree = "<group>"; };
		049B1C691F37843000678E9C /* UserVideo.swift */ = {isa = PBXFileReference; fileEncoding = 4; lastKnownFileType = sourcecode.swift; path = UserVideo.swift; sourceTree = "<group>"; };
		04DC18621F3591AF00EA0357 /* MainViewController.swift */ = {isa = PBXFileReference; fileEncoding = 4; lastKnownFileType = sourcecode.swift; path = MainViewController.swift; sourceTree = "<group>"; };
		04DC18641F3591BC00EA0357 /* MapViewController.swift */ = {isa = PBXFileReference; fileEncoding = 4; lastKnownFileType = sourcecode.swift; path = MapViewController.swift; sourceTree = "<group>"; };
		04DC18661F3591C700EA0357 /* VideoViewController.swift */ = {isa = PBXFileReference; fileEncoding = 4; lastKnownFileType = sourcecode.swift; path = VideoViewController.swift; sourceTree = "<group>"; };
		04DC18691F3592A800EA0357 /* Define.swift */ = {isa = PBXFileReference; fileEncoding = 4; lastKnownFileType = sourcecode.swift; path = Define.swift; sourceTree = "<group>"; };
		04DC186B1F3592A800EA0357 /* UIAlertController.swift */ = {isa = PBXFileReference; fileEncoding = 4; lastKnownFileType = sourcecode.swift; path = UIAlertController.swift; sourceTree = "<group>"; };
		04DC186C1F3592A800EA0357 /* UserDefaults.swift */ = {isa = PBXFileReference; fileEncoding = 4; lastKnownFileType = sourcecode.swift; path = UserDefaults.swift; sourceTree = "<group>"; };
		04DC18711F35933700EA0357 /* SignInViewController.swift */ = {isa = PBXFileReference; fileEncoding = 4; lastKnownFileType = sourcecode.swift; path = SignInViewController.swift; sourceTree = "<group>"; };
		04DC18731F35936300EA0357 /* GoogleService-Info.plist */ = {isa = PBXFileReference; fileEncoding = 4; lastKnownFileType = text.plist.xml; path = "GoogleService-Info.plist"; sourceTree = "<group>"; };
		04DC18751F35942700EA0357 /* SignIn.storyboard */ = {isa = PBXFileReference; fileEncoding = 4; lastKnownFileType = file.storyboard; path = SignIn.storyboard; sourceTree = "<group>"; };
		263E204A11178D74EFFF740D /* Pods-QuizTests.release.xcconfig */ = {isa = PBXFileReference; includeInIndex = 1; lastKnownFileType = text.xcconfig; name = "Pods-QuizTests.release.xcconfig"; path = "Pods/Target Support Files/Pods-QuizTests/Pods-QuizTests.release.xcconfig"; sourceTree = "<group>"; };
		8950DD01E67B92ACCE1AE277 /* Pods-QuizTests.debug.xcconfig */ = {isa = PBXFileReference; includeInIndex = 1; lastKnownFileType = text.xcconfig; name = "Pods-QuizTests.debug.xcconfig"; path = "Pods/Target Support Files/Pods-QuizTests/Pods-QuizTests.debug.xcconfig"; sourceTree = "<group>"; };
		C7AB80EA5E056B70988AF83C /* Pods-Quiz.release.xcconfig */ = {isa = PBXFileReference; includeInIndex = 1; lastKnownFileType = text.xcconfig; name = "Pods-Quiz.release.xcconfig"; path = "Pods/Target Support Files/Pods-Quiz/Pods-Quiz.release.xcconfig"; sourceTree = "<group>"; };
		C9A121A323A50228B134EBDC /* Pods_Quiz.framework */ = {isa = PBXFileReference; explicitFileType = wrapper.framework; includeInIndex = 0; path = Pods_Quiz.framework; sourceTree = BUILT_PRODUCTS_DIR; };
		D73BD355D5A99E0F4729C0E6 /* Pods_QuizTests.framework */ = {isa = PBXFileReference; explicitFileType = wrapper.framework; includeInIndex = 0; path = Pods_QuizTests.framework; sourceTree = BUILT_PRODUCTS_DIR; };
		D77E625143DDBFB987C900B1 /* Pods-Quiz.debug.xcconfig */ = {isa = PBXFileReference; includeInIndex = 1; lastKnownFileType = text.xcconfig; name = "Pods-Quiz.debug.xcconfig"; path = "Pods/Target Support Files/Pods-Quiz/Pods-Quiz.debug.xcconfig"; sourceTree = "<group>"; };
/* End PBXFileReference section */

/* Begin PBXFrameworksBuildPhase section */
		0414D2161F34FA0C00FB9952 /* Frameworks */ = {
			isa = PBXFrameworksBuildPhase;
			buildActionMask = 2147483647;
			files = (
				318B5065C828EF3CAE4E5462 /* Pods_Quiz.framework in Frameworks */,
			);
			runOnlyForDeploymentPostprocessing = 0;
		};
		0414D22A1F34FA0C00FB9952 /* Frameworks */ = {
			isa = PBXFrameworksBuildPhase;
			buildActionMask = 2147483647;
			files = (
				395BE497837470A5B55B94AF /* Pods_QuizTests.framework in Frameworks */,
			);
			runOnlyForDeploymentPostprocessing = 0;
		};
/* End PBXFrameworksBuildPhase section */

/* Begin PBXGroup section */
		0414D2101F34FA0C00FB9952 = {
			isa = PBXGroup;
			children = (
				0414D21B1F34FA0C00FB9952 /* Quiz */,
				0414D2301F34FA0C00FB9952 /* QuizTests */,
				0414D21A1F34FA0C00FB9952 /* Products */,
				7B23EE868EF9F6C92C586BA8 /* Pods */,
				35CF27F0609DD4D9BCCAB8EF /* Frameworks */,
			);
			sourceTree = "<group>";
		};
		0414D21A1F34FA0C00FB9952 /* Products */ = {
			isa = PBXGroup;
			children = (
				0414D2191F34FA0C00FB9952 /* Quiz.app */,
				0414D22D1F34FA0C00FB9952 /* QuizTests.xctest */,
			);
			name = Products;
			sourceTree = "<group>";
		};
		0414D21B1F34FA0C00FB9952 /* Quiz */ = {
			isa = PBXGroup;
			children = (
				0414D21C1F34FA0C00FB9952 /* AppDelegate.swift */,
				0414D2491F34FCB200FB9952 /* Assets */,
				04DC18681F3592A800EA0357 /* Define */,
				04DC186A1F3592A800EA0357 /* Extension */,
				049B1C641F3783DD00678E9C /* Model */,
				0414D24B1F34FCB200FB9952 /* Storyboards */,
				0414D24C1F34FCB200FB9952 /* UIViewController */,
			);
			path = Quiz;
			sourceTree = "<group>";
		};
		0414D2301F34FA0C00FB9952 /* QuizTests */ = {
			isa = PBXGroup;
			children = (
				0414D2311F34FA0C00FB9952 /* QuizTests.swift */,
				0414D2331F34FA0C00FB9952 /* Info.plist */,
			);
			path = QuizTests;
			sourceTree = "<group>";
		};
		0414D2491F34FCB200FB9952 /* Assets */ = {
			isa = PBXGroup;
			children = (
				0414D24A1F34FCB200FB9952 /* Assets.xcassets */,
				04DC18731F35936300EA0357 /* GoogleService-Info.plist */,
				0414D2521F34FD0100FB9952 /* Info.plist */,
			);
			path = Assets;
			sourceTree = "<group>";
		};
		0414D24B1F34FCB200FB9952 /* Storyboards */ = {
			isa = PBXGroup;
			children = (
				0414D24E1F34FCF400FB9952 /* LaunchScreen.storyboard */,
				0414D24F1F34FCF400FB9952 /* Main.storyboard */,
				04DC18751F35942700EA0357 /* SignIn.storyboard */,
				045E12771F3CDC8000C412E6 /* Video.storyboard */,
			);
			path = Storyboards;
			sourceTree = "<group>";
		};
		0414D24C1F34FCB200FB9952 /* UIViewController */ = {
			isa = PBXGroup;
			children = (
				04DC185F1F35917E00EA0357 /* Main */,
				04DC18601F35917E00EA0357 /* Map */,
				04DC18701F35932900EA0357 /* SignIn */,
				04DC18611F35917E00EA0357 /* Video */,
			);
			path = UIViewController;
			sourceTree = "<group>";
		};
		049B1C641F3783DD00678E9C /* Model */ = {
			isa = PBXGroup;
			children = (
				049B1C651F37841E00678E9C /* ModelProtocol.swift */,
				049B1C671F37842700678E9C /* UserLocation.swift */,
				049B1C691F37843000678E9C /* UserVideo.swift */,
			);
			path = Model;
			sourceTree = "<group>";
		};
		04DC185F1F35917E00EA0357 /* Main */ = {
			isa = PBXGroup;
			children = (
				04DC18621F3591AF00EA0357 /* MainViewController.swift */,
			);
			path = Main;
			sourceTree = "<group>";
		};
		04DC18601F35917E00EA0357 /* Map */ = {
			isa = PBXGroup;
			children = (
				04DC18641F3591BC00EA0357 /* MapViewController.swift */,
			);
			path = Map;
			sourceTree = "<group>";
		};
		04DC18611F35917E00EA0357 /* Video */ = {
			isa = PBXGroup;
			children = (
				04DC18661F3591C700EA0357 /* VideoViewController.swift */,
				042AF6981F3C319400976C39 /* RecordViewController.swift */,
				042AF69A1F3C31AE00976C39 /* VideoCollectionCell.swift */,
			);
			path = Video;
			sourceTree = "<group>";
		};
		04DC18681F3592A800EA0357 /* Define */ = {
			isa = PBXGroup;
			children = (
				04DC18691F3592A800EA0357 /* Define.swift */,
			);
			path = Define;
			sourceTree = "<group>";
		};
		04DC186A1F3592A800EA0357 /* Extension */ = {
			isa = PBXGroup;
			children = (
				04DC186B1F3592A800EA0357 /* UIAlertController.swift */,
				04DC186C1F3592A800EA0357 /* UserDefaults.swift */,
				04633F5E1F3D99FF00A05A43 /* UIImageView.swift */,
			);
			path = Extension;
			sourceTree = "<group>";
		};
		04DC18701F35932900EA0357 /* SignIn */ = {
			isa = PBXGroup;
			children = (
				04DC18711F35933700EA0357 /* SignInViewController.swift */,
			);
			path = SignIn;
			sourceTree = "<group>";
		};
		35CF27F0609DD4D9BCCAB8EF /* Frameworks */ = {
			isa = PBXGroup;
			children = (
				C9A121A323A50228B134EBDC /* Pods_Quiz.framework */,
				D73BD355D5A99E0F4729C0E6 /* Pods_QuizTests.framework */,
			);
			name = Frameworks;
			sourceTree = "<group>";
		};
		7B23EE868EF9F6C92C586BA8 /* Pods */ = {
			isa = PBXGroup;
			children = (
				D77E625143DDBFB987C900B1 /* Pods-Quiz.debug.xcconfig */,
				C7AB80EA5E056B70988AF83C /* Pods-Quiz.release.xcconfig */,
				8950DD01E67B92ACCE1AE277 /* Pods-QuizTests.debug.xcconfig */,
				263E204A11178D74EFFF740D /* Pods-QuizTests.release.xcconfig */,
			);
			name = Pods;
			sourceTree = "<group>";
		};
/* End PBXGroup section */

/* Begin PBXNativeTarget section */
		0414D2181F34FA0C00FB9952 /* Quiz */ = {
			isa = PBXNativeTarget;
			buildConfigurationList = 0414D2361F34FA0C00FB9952 /* Build configuration list for PBXNativeTarget "Quiz" */;
			buildPhases = (
				8B4E44E7D192FA09D7AD754F /* [CP] Check Pods Manifest.lock */,
				0414D2151F34FA0C00FB9952 /* Sources */,
				0414D2161F34FA0C00FB9952 /* Frameworks */,
				0414D2171F34FA0C00FB9952 /* Resources */,
				177A6E70ADC57164A363796F /* [CP] Embed Pods Frameworks */,
				1BF0F3E1B3EF94237C7C14AA /* [CP] Copy Pods Resources */,
			);
			buildRules = (
			);
			dependencies = (
			);
			name = Quiz;
			productName = Quiz;
			productReference = 0414D2191F34FA0C00FB9952 /* Quiz.app */;
			productType = "com.apple.product-type.application";
		};
		0414D22C1F34FA0C00FB9952 /* QuizTests */ = {
			isa = PBXNativeTarget;
			buildConfigurationList = 0414D2391F34FA0C00FB9952 /* Build configuration list for PBXNativeTarget "QuizTests" */;
			buildPhases = (
				16C57589D5E03A51F369ACA4 /* [CP] Check Pods Manifest.lock */,
				0414D2291F34FA0C00FB9952 /* Sources */,
				0414D22A1F34FA0C00FB9952 /* Frameworks */,
				0414D22B1F34FA0C00FB9952 /* Resources */,
				84F7F06FF7FF7AE1F24817D9 /* [CP] Embed Pods Frameworks */,
				BBC3FB40C382F98B8C77EBCB /* [CP] Copy Pods Resources */,
			);
			buildRules = (
			);
			dependencies = (
				0414D22F1F34FA0C00FB9952 /* PBXTargetDependency */,
			);
			name = QuizTests;
			productName = QuizTests;
			productReference = 0414D22D1F34FA0C00FB9952 /* QuizTests.xctest */;
			productType = "com.apple.product-type.bundle.unit-test";
		};
/* End PBXNativeTarget section */

/* Begin PBXProject section */
		0414D2111F34FA0C00FB9952 /* Project object */ = {
			isa = PBXProject;
			attributes = {
				LastSwiftUpdateCheck = 0830;
				LastUpgradeCheck = 0830;
				ORGANIZATIONNAME = picomax;
				TargetAttributes = {
					0414D2181F34FA0C00FB9952 = {
						CreatedOnToolsVersion = 8.3.3;
						DevelopmentTeam = 3C36LM64M4;
						ProvisioningStyle = Manual;
					};
					0414D22C1F34FA0C00FB9952 = {
						CreatedOnToolsVersion = 8.3.3;
						ProvisioningStyle = Automatic;
						TestTargetID = 0414D2181F34FA0C00FB9952;
					};
				};
			};
			buildConfigurationList = 0414D2141F34FA0C00FB9952 /* Build configuration list for PBXProject "Quiz" */;
			compatibilityVersion = "Xcode 3.2";
			developmentRegion = English;
			hasScannedForEncodings = 0;
			knownRegions = (
				en,
				Base,
			);
			mainGroup = 0414D2101F34FA0C00FB9952;
			productRefGroup = 0414D21A1F34FA0C00FB9952 /* Products */;
			projectDirPath = "";
			projectRoot = "";
			targets = (
				0414D2181F34FA0C00FB9952 /* Quiz */,
				0414D22C1F34FA0C00FB9952 /* QuizTests */,
			);
		};
/* End PBXProject section */

/* Begin PBXResourcesBuildPhase section */
		0414D2171F34FA0C00FB9952 /* Resources */ = {
			isa = PBXResourcesBuildPhase;
			buildActionMask = 2147483647;
			files = (
				0414D2531F34FD0100FB9952 /* Info.plist in Resources */,
				0414D2511F34FCF400FB9952 /* Main.storyboard in Resources */,
				04DC18741F35936300EA0357 /* GoogleService-Info.plist in Resources */,
				0414D24D1F34FCB200FB9952 /* Assets.xcassets in Resources */,
				045E12781F3CDC8000C412E6 /* Video.storyboard in Resources */,
				04DC18761F35942700EA0357 /* SignIn.storyboard in Resources */,
				0414D2501F34FCF400FB9952 /* LaunchScreen.storyboard in Resources */,
			);
			runOnlyForDeploymentPostprocessing = 0;
		};
		0414D22B1F34FA0C00FB9952 /* Resources */ = {
			isa = PBXResourcesBuildPhase;
			buildActionMask = 2147483647;
			files = (
			);
			runOnlyForDeploymentPostprocessing = 0;
		};
/* End PBXResourcesBuildPhase section */

/* Begin PBXShellScriptBuildPhase section */
		16C57589D5E03A51F369ACA4 /* [CP] Check Pods Manifest.lock */ = {
			isa = PBXShellScriptBuildPhase;
			buildActionMask = 2147483647;
			files = (
			);
			inputPaths = (
			);
			name = "[CP] Check Pods Manifest.lock";
			outputPaths = (
			);
			runOnlyForDeploymentPostprocessing = 0;
			shellPath = /bin/sh;
			shellScript = "diff \"${PODS_PODFILE_DIR_PATH}/Podfile.lock\" \"${PODS_ROOT}/Manifest.lock\" > /dev/null\nif [ $? != 0 ] ; then\n    # print error to STDERR\n    echo \"error: The sandbox is not in sync with the Podfile.lock. Run 'pod install' or update your CocoaPods installation.\" >&2\n    exit 1\nfi\n";
			showEnvVarsInLog = 0;
		};
		177A6E70ADC57164A363796F /* [CP] Embed Pods Frameworks */ = {
			isa = PBXShellScriptBuildPhase;
			buildActionMask = 2147483647;
			files = (
			);
			inputPaths = (
			);
			name = "[CP] Embed Pods Frameworks";
			outputPaths = (
			);
			runOnlyForDeploymentPostprocessing = 0;
			shellPath = /bin/sh;
			shellScript = "\"${SRCROOT}/Pods/Target Support Files/Pods-Quiz/Pods-Quiz-frameworks.sh\"\n";
			showEnvVarsInLog = 0;
		};
		1BF0F3E1B3EF94237C7C14AA /* [CP] Copy Pods Resources */ = {
			isa = PBXShellScriptBuildPhase;
			buildActionMask = 2147483647;
			files = (
			);
			inputPaths = (
			);
			name = "[CP] Copy Pods Resources";
			outputPaths = (
			);
			runOnlyForDeploymentPostprocessing = 0;
			shellPath = /bin/sh;
			shellScript = "\"${SRCROOT}/Pods/Target Support Files/Pods-Quiz/Pods-Quiz-resources.sh\"\n";
			showEnvVarsInLog = 0;
		};
		84F7F06FF7FF7AE1F24817D9 /* [CP] Embed Pods Frameworks */ = {
			isa = PBXShellScriptBuildPhase;
			buildActionMask = 2147483647;
			files = (
			);
			inputPaths = (
			);
			name = "[CP] Embed Pods Frameworks";
			outputPaths = (
			);
			runOnlyForDeploymentPostprocessing = 0;
			shellPath = /bin/sh;
			shellScript = "\"${SRCROOT}/Pods/Target Support Files/Pods-QuizTests/Pods-QuizTests-frameworks.sh\"\n";
			showEnvVarsInLog = 0;
		};
		8B4E44E7D192FA09D7AD754F /* [CP] Check Pods Manifest.lock */ = {
			isa = PBXShellScriptBuildPhase;
			buildActionMask = 2147483647;
			files = (
			);
			inputPaths = (
			);
			name = "[CP] Check Pods Manifest.lock";
			outputPaths = (
			);
			runOnlyForDeploymentPostprocessing = 0;
			shellPath = /bin/sh;
			shellScript = "diff \"${PODS_PODFILE_DIR_PATH}/Podfile.lock\" \"${PODS_ROOT}/Manifest.lock\" > /dev/null\nif [ $? != 0 ] ; then\n    # print error to STDERR\n    echo \"error: The sandbox is not in sync with the Podfile.lock. Run 'pod install' or update your CocoaPods installation.\" >&2\n    exit 1\nfi\n";
			showEnvVarsInLog = 0;
		};
		BBC3FB40C382F98B8C77EBCB /* [CP] Copy Pods Resources */ = {
			isa = PBXShellScriptBuildPhase;
			buildActionMask = 2147483647;
			files = (
			);
			inputPaths = (
			);
			name = "[CP] Copy Pods Resources";
			outputPaths = (
			);
			runOnlyForDeploymentPostprocessing = 0;
			shellPath = /bin/sh;
			shellScript = "\"${SRCROOT}/Pods/Target Support Files/Pods-QuizTests/Pods-QuizTests-resources.sh\"\n";
			showEnvVarsInLog = 0;
		};
/* End PBXShellScriptBuildPhase section */

/* Begin PBXSourcesBuildPhase section */
		0414D2151F34FA0C00FB9952 /* Sources */ = {
			isa = PBXSourcesBuildPhase;
			buildActionMask = 2147483647;
			files = (
				04DC18631F3591AF00EA0357 /* MainViewController.swift in Sources */,
				042AF69B1F3C31AE00976C39 /* VideoCollectionCell.swift in Sources */,
				04633F5F1F3D99FF00A05A43 /* UIImageView.swift in Sources */,
				0414D21D1F34FA0C00FB9952 /* AppDelegate.swift in Sources */,
				049B1C681F37842700678E9C /* UserLocation.swift in Sources */,
				042AF6991F3C319400976C39 /* RecordViewController.swift in Sources */,
				04DC18671F3591C700EA0357 /* VideoViewController.swift in Sources */,
				04DC186D1F3592A800EA0357 /* Define.swift in Sources */,
				049B1C661F37841E00678E9C /* ModelProtocol.swift in Sources */,
				04DC18721F35933700EA0357 /* SignInViewController.swift in Sources */,
				049B1C6A1F37843000678E9C /* UserVideo.swift in Sources */,
				04DC186E1F3592A800EA0357 /* UIAlertController.swift in Sources */,
				04DC186F1F3592A800EA0357 /* UserDefaults.swift in Sources */,
				04DC18651F3591BC00EA0357 /* MapViewController.swift in Sources */,
			);
			runOnlyForDeploymentPostprocessing = 0;
		};
		0414D2291F34FA0C00FB9952 /* Sources */ = {
			isa = PBXSourcesBuildPhase;
			buildActionMask = 2147483647;
			files = (
				0414D2321F34FA0C00FB9952 /* QuizTests.swift in Sources */,
			);
			runOnlyForDeploymentPostprocessing = 0;
		};
/* End PBXSourcesBuildPhase section */

/* Begin PBXTargetDependency section */
		0414D22F1F34FA0C00FB9952 /* PBXTargetDependency */ = {
			isa = PBXTargetDependency;
			target = 0414D2181F34FA0C00FB9952 /* Quiz */;
			targetProxy = 0414D22E1F34FA0C00FB9952 /* PBXContainerItemProxy */;
		};
/* End PBXTargetDependency section */

/* Begin XCBuildConfiguration section */
		0414D2341F34FA0C00FB9952 /* Debug */ = {
			isa = XCBuildConfiguration;
			buildSettings = {
				ALWAYS_SEARCH_USER_PATHS = NO;
				CLANG_ANALYZER_NONNULL = YES;
				CLANG_ANALYZER_NUMBER_OBJECT_CONVERSION = YES_AGGRESSIVE;
				CLANG_CXX_LANGUAGE_STANDARD = "gnu++0x";
				CLANG_CXX_LIBRARY = "libc++";
				CLANG_ENABLE_MODULES = YES;
				CLANG_ENABLE_OBJC_ARC = YES;
				CLANG_WARN_BOOL_CONVERSION = YES;
				CLANG_WARN_CONSTANT_CONVERSION = YES;
				CLANG_WARN_DIRECT_OBJC_ISA_USAGE = YES_ERROR;
				CLANG_WARN_DOCUMENTATION_COMMENTS = YES;
				CLANG_WARN_EMPTY_BODY = YES;
				CLANG_WARN_ENUM_CONVERSION = YES;
				CLANG_WARN_INFINITE_RECURSION = YES;
				CLANG_WARN_INT_CONVERSION = YES;
				CLANG_WARN_OBJC_ROOT_CLASS = YES_ERROR;
				CLANG_WARN_SUSPICIOUS_MOVE = YES;
				CLANG_WARN_UNREACHABLE_CODE = YES;
				CLANG_WARN__DUPLICATE_METHOD_MATCH = YES;
				"CODE_SIGN_IDENTITY[sdk=iphoneos*]" = "iPhone Developer";
				COPY_PHASE_STRIP = NO;
				DEBUG_INFORMATION_FORMAT = dwarf;
				ENABLE_STRICT_OBJC_MSGSEND = YES;
				ENABLE_TESTABILITY = YES;
				GCC_C_LANGUAGE_STANDARD = gnu99;
				GCC_DYNAMIC_NO_PIC = NO;
				GCC_NO_COMMON_BLOCKS = YES;
				GCC_OPTIMIZATION_LEVEL = 0;
				GCC_PREPROCESSOR_DEFINITIONS = (
					"DEBUG=1",
					"$(inherited)",
				);
				GCC_WARN_64_TO_32_BIT_CONVERSION = YES;
				GCC_WARN_ABOUT_RETURN_TYPE = YES_ERROR;
				GCC_WARN_UNDECLARED_SELECTOR = YES;
				GCC_WARN_UNINITIALIZED_AUTOS = YES_AGGRESSIVE;
				GCC_WARN_UNUSED_FUNCTION = YES;
				GCC_WARN_UNUSED_VARIABLE = YES;
				IPHONEOS_DEPLOYMENT_TARGET = 10.3;
				MTL_ENABLE_DEBUG_INFO = YES;
				ONLY_ACTIVE_ARCH = YES;
				SDKROOT = iphoneos;
				SWIFT_ACTIVE_COMPILATION_CONDITIONS = DEBUG;
				SWIFT_OPTIMIZATION_LEVEL = "-Onone";
			};
			name = Debug;
		};
		0414D2351F34FA0C00FB9952 /* Release */ = {
			isa = XCBuildConfiguration;
			buildSettings = {
				ALWAYS_SEARCH_USER_PATHS = NO;
				CLANG_ANALYZER_NONNULL = YES;
				CLANG_ANALYZER_NUMBER_OBJECT_CONVERSION = YES_AGGRESSIVE;
				CLANG_CXX_LANGUAGE_STANDARD = "gnu++0x";
				CLANG_CXX_LIBRARY = "libc++";
				CLANG_ENABLE_MODULES = YES;
				CLANG_ENABLE_OBJC_ARC = YES;
				CLANG_WARN_BOOL_CONVERSION = YES;
				CLANG_WARN_CONSTANT_CONVERSION = YES;
				CLANG_WARN_DIRECT_OBJC_ISA_USAGE = YES_ERROR;
				CLANG_WARN_DOCUMENTATION_COMMENTS = YES;
				CLANG_WARN_EMPTY_BODY = YES;
				CLANG_WARN_ENUM_CONVERSION = YES;
				CLANG_WARN_INFINITE_RECURSION = YES;
				CLANG_WARN_INT_CONVERSION = YES;
				CLANG_WARN_OBJC_ROOT_CLASS = YES_ERROR;
				CLANG_WARN_SUSPICIOUS_MOVE = YES;
				CLANG_WARN_UNREACHABLE_CODE = YES;
				CLANG_WARN__DUPLICATE_METHOD_MATCH = YES;
				"CODE_SIGN_IDENTITY[sdk=iphoneos*]" = "iPhone Developer";
				COPY_PHASE_STRIP = NO;
				DEBUG_INFORMATION_FORMAT = "dwarf-with-dsym";
				ENABLE_NS_ASSERTIONS = NO;
				ENABLE_STRICT_OBJC_MSGSEND = YES;
				GCC_C_LANGUAGE_STANDARD = gnu99;
				GCC_NO_COMMON_BLOCKS = YES;
				GCC_WARN_64_TO_32_BIT_CONVERSION = YES;
				GCC_WARN_ABOUT_RETURN_TYPE = YES_ERROR;
				GCC_WARN_UNDECLARED_SELECTOR = YES;
				GCC_WARN_UNINITIALIZED_AUTOS = YES_AGGRESSIVE;
				GCC_WARN_UNUSED_FUNCTION = YES;
				GCC_WARN_UNUSED_VARIABLE = YES;
				IPHONEOS_DEPLOYMENT_TARGET = 10.3;
				MTL_ENABLE_DEBUG_INFO = NO;
				SDKROOT = iphoneos;
				SWIFT_OPTIMIZATION_LEVEL = "-Owholemodule";
				VALIDATE_PRODUCT = YES;
			};
			name = Release;
		};
		0414D2371F34FA0C00FB9952 /* Debug */ = {
			isa = XCBuildConfiguration;
			baseConfigurationReference = D77E625143DDBFB987C900B1 /* Pods-Quiz.debug.xcconfig */;
			buildSettings = {
				ASSETCATALOG_COMPILER_APPICON_NAME = AppIcon;
				DEVELOPMENT_TEAM = 3C36LM64M4;
				INFOPLIST_FILE = Quiz/Assets/Info.plist;
				LD_RUNPATH_SEARCH_PATHS = "$(inherited) @executable_path/Frameworks";
				PRODUCT_BUNDLE_IDENTIFIER = net.hooni.demo;
				PRODUCT_NAME = "$(TARGET_NAME)";
				PROVISIONING_PROFILE = "7417b022-4b49-4099-aa49-20ebedcef10d";
				PROVISIONING_PROFILE_SPECIFIER = DevDemo;
				SWIFT_VERSION = 3.0;
			};
			name = Debug;
		};
		0414D2381F34FA0C00FB9952 /* Release */ = {
			isa = XCBuildConfiguration;
			baseConfigurationReference = C7AB80EA5E056B70988AF83C /* Pods-Quiz.release.xcconfig */;
			buildSettings = {
				ASSETCATALOG_COMPILER_APPICON_NAME = AppIcon;
				"CODE_SIGN_IDENTITY[sdk=iphoneos*]" = "iPhone Distribution";
				DEVELOPMENT_TEAM = 3C36LM64M4;
				INFOPLIST_FILE = Quiz/Assets/Info.plist;
				LD_RUNPATH_SEARCH_PATHS = "$(inherited) @executable_path/Frameworks";
				PRODUCT_BUNDLE_IDENTIFIER = net.hooni.demo;
				PRODUCT_NAME = "$(TARGET_NAME)";
				PROVISIONING_PROFILE = "428d6847-e605-45ed-b244-86760e260222";
				PROVISIONING_PROFILE_SPECIFIER = AdhDemo;
				SWIFT_VERSION = 3.0;
			};
			name = Release;
		};
		0414D23A1F34FA0C00FB9952 /* Debug */ = {
			isa = XCBuildConfiguration;
			baseConfigurationReference = 8950DD01E67B92ACCE1AE277 /* Pods-QuizTests.debug.xcconfig */;
			buildSettings = {
				ALWAYS_EMBED_SWIFT_STANDARD_LIBRARIES = YES;
				BUNDLE_LOADER = "$(TEST_HOST)";
				INFOPLIST_FILE = QuizTests/Info.plist;
				LD_RUNPATH_SEARCH_PATHS = "$(inherited) @executable_path/Frameworks @loader_path/Frameworks";
				PRODUCT_BUNDLE_IDENTIFIER = net.hooni.QuizTests;
				PRODUCT_NAME = "$(TARGET_NAME)";
				SWIFT_VERSION = 3.0;
				TEST_HOST = "$(BUILT_PRODUCTS_DIR)/Quiz.app/Quiz";
			};
			name = Debug;
		};
		0414D23B1F34FA0C00FB9952 /* Release */ = {
			isa = XCBuildConfiguration;
			baseConfigurationReference = 263E204A11178D74EFFF740D /* Pods-QuizTests.release.xcconfig */;
			buildSettings = {
				ALWAYS_EMBED_SWIFT_STANDARD_LIBRARIES = YES;
				BUNDLE_LOADER = "$(TEST_HOST)";
				INFOPLIST_FILE = QuizTests/Info.plist;
				LD_RUNPATH_SEARCH_PATHS = "$(inherited) @executable_path/Frameworks @loader_path/Frameworks";
				PRODUCT_BUNDLE_IDENTIFIER = net.hooni.QuizTests;
				PRODUCT_NAME = "$(TARGET_NAME)";
				SWIFT_VERSION = 3.0;
				TEST_HOST = "$(BUILT_PRODUCTS_DIR)/Quiz.app/Quiz";
			};
			name = Release;
		};
/* End XCBuildConfiguration section */

/* Begin XCConfigurationList section */
		0414D2141F34FA0C00FB9952 /* Build configuration list for PBXProject "Quiz" */ = {
			isa = XCConfigurationList;
			buildConfigurations = (
				0414D2341F34FA0C00FB9952 /* Debug */,
				0414D2351F34FA0C00FB9952 /* Release */,
			);
			defaultConfigurationIsVisible = 0;
			defaultConfigurationName = Release;
		};
		0414D2361F34FA0C00FB9952 /* Build configuration list for PBXNativeTarget "Quiz" */ = {
			isa = XCConfigurationList;
			buildConfigurations = (
				0414D2371F34FA0C00FB9952 /* Debug */,
				0414D2381F34FA0C00FB9952 /* Release */,
			);
			defaultConfigurationIsVisible = 0;
			defaultConfigurationName = Release;
		};
		0414D2391F34FA0C00FB9952 /* Build configuration list for PBXNativeTarget "QuizTests" */ = {
			isa = XCConfigurationList;
			buildConfigurations = (
				0414D23A1F34FA0C00FB9952 /* Debug */,
				0414D23B1F34FA0C00FB9952 /* Release */,
			);
			defaultConfigurationIsVisible = 0;
			defaultConfigurationName = Release;
		};
/* End XCConfigurationList section */
	};
	rootObject = 0414D2111F34FA0C00FB9952 /* Project object */;
}
